
Microsoft Visual Studio Solution File, Format Version 12.00
# Visual Studio 14
VisualStudioVersion = 14.0.23107.0
MinimumVisualStudioVersion = 10.0.40219.1
Project("{2150E333-8FDC-42A3-9474-1A3956D46DE8}") = "Utilities", "Utilities", "{354060E8-EC4D-4B0B-BA36-92015933E26C}"
EndProject
Project("{FAE04EC0-301F-11D3-BF4B-00C04F79EFBC}") = "CSharp.Samples.Utilities", "CSharp.Samples.Utilities\CSharp.Samples.Utilities.csproj", "{1C0F5A5A-9319-43B4-8742-2ADB426B248E}"
EndProject
Project("{2150E333-8FDC-42A3-9474-1A3956D46DE8}") = "GOFDesignPatterns", "GOFDesignPatterns", "{0503BD1E-FAFF-4DFD-ADED-220B4BFA1C51}"
EndProject
Project("{FAE04EC0-301F-11D3-BF4B-00C04F79EFBC}") = "CSharp.Samples.UtilitiesTests", "CSharp.Samples.UtilitiesTests\CSharp.Samples.UtilitiesTests.csproj", "{4A3A0AD2-283A-4A0D-A802-B5FF5B0C57A7}"
EndProject
Project("{2150E333-8FDC-42A3-9474-1A3956D46DE8}") = "MongoDbDataStore", "MongoDbDataStore", "{CA0E8264-78F5-474B-A974-0AF31E2B5039}"
EndProject
Project("{2150E333-8FDC-42A3-9474-1A3956D46DE8}") = "MongoDbDataRepositories", "MongoDbDataRepositories", "{85D5E091-F689-45DD-B2E3-AB76A71B0381}"
EndProject
Project("{2150E333-8FDC-42A3-9474-1A3956D46DE8}") = "DataModels", "DataModels", "{44A5212F-E470-4134-BBF9-5A10BA0F3006}"
EndProject
Project("{FAE04EC0-301F-11D3-BF4B-00C04F79EFBC}") = "CSharp.Samples.MongoStore", "CSharp.Samples.MongoStore\CSharp.Samples.MongoStore.csproj", "{B279133F-227F-4FFB-88C9-DEA9CB04E875}"
EndProject
Project("{FAE04EC0-301F-11D3-BF4B-00C04F79EFBC}") = "CSharp.Samples.MongoStoreTests", "CSharp.Samples.MongoStoreTests\CSharp.Samples.MongoStoreTests.csproj", "{BC9BCD29-DD89-486E-9B6A-FE8EEE8E0698}"
EndProject
Project("{FAE04EC0-301F-11D3-BF4B-00C04F79EFBC}") = "CSharp.Samples.IDataModels", "CSharp.Samples.IDataModels\CSharp.Samples.IDataModels.csproj", "{1995FB2C-6204-4F75-A4D3-4213EF11001C}"
EndProject
Project("{FAE04EC0-301F-11D3-BF4B-00C04F79EFBC}") = "CSharp.Samples.DataModels", "CSharp.Samples.DataModels\CSharp.Samples.DataModels.csproj", "{BA38B8E4-EA51-4691-9908-48B59F887347}"
EndProject
Project("{FAE04EC0-301F-11D3-BF4B-00C04F79EFBC}") = "CSharp.Samples.DataModelsTests", "CSharp.Samples.DataModelsTests\CSharp.Samples.DataModelsTests.csproj", "{2ABF74FF-B863-4A0B-A788-828ECD900471}"
EndProject
Global
	GlobalSection(SolutionConfigurationPlatforms) = preSolution
		Debug|Any CPU = Debug|Any CPU
		Release|Any CPU = Release|Any CPU
	EndGlobalSection
	GlobalSection(ProjectConfigurationPlatforms) = postSolution
		{1C0F5A5A-9319-43B4-8742-2ADB426B248E}.Debug|Any CPU.ActiveCfg = Debug|Any CPU
		{1C0F5A5A-9319-43B4-8742-2ADB426B248E}.Debug|Any CPU.Build.0 = Debug|Any CPU
		{1C0F5A5A-9319-43B4-8742-2ADB426B248E}.Release|Any CPU.ActiveCfg = Release|Any CPU
		{1C0F5A5A-9319-43B4-8742-2ADB426B248E}.Release|Any CPU.Build.0 = Release|Any CPU
		{4A3A0AD2-283A-4A0D-A802-B5FF5B0C57A7}.Debug|Any CPU.ActiveCfg = Debug|Any CPU
		{4A3A0AD2-283A-4A0D-A802-B5FF5B0C57A7}.Debug|Any CPU.Build.0 = Debug|Any CPU
		{4A3A0AD2-283A-4A0D-A802-B5FF5B0C57A7}.Release|Any CPU.ActiveCfg = Release|Any CPU
		{4A3A0AD2-283A-4A0D-A802-B5FF5B0C57A7}.Release|Any CPU.Build.0 = Release|Any CPU
		{B279133F-227F-4FFB-88C9-DEA9CB04E875}.Debug|Any CPU.ActiveCfg = Debug|Any CPU
		{B279133F-227F-4FFB-88C9-DEA9CB04E875}.Debug|Any CPU.Build.0 = Debug|Any CPU
		{B279133F-227F-4FFB-88C9-DEA9CB04E875}.Release|Any CPU.ActiveCfg = Release|Any CPU
		{B279133F-227F-4FFB-88C9-DEA9CB04E875}.Release|Any CPU.Build.0 = Release|Any CPU
		{BC9BCD29-DD89-486E-9B6A-FE8EEE8E0698}.Debug|Any CPU.ActiveCfg = Debug|Any CPU
		{BC9BCD29-DD89-486E-9B6A-FE8EEE8E0698}.Debug|Any CPU.Build.0 = Debug|Any CPU
		{BC9BCD29-DD89-486E-9B6A-FE8EEE8E0698}.Release|Any CPU.ActiveCfg = Release|Any CPU
		{BC9BCD29-DD89-486E-9B6A-FE8EEE8E0698}.Release|Any CPU.Build.0 = Release|Any CPU
		{1995FB2C-6204-4F75-A4D3-4213EF11001C}.Debug|Any CPU.ActiveCfg = Debug|Any CPU
		{1995FB2C-6204-4F75-A4D3-4213EF11001C}.Debug|Any CPU.Build.0 = Debug|Any CPU
		{1995FB2C-6204-4F75-A4D3-4213EF11001C}.Release|Any CPU.ActiveCfg = Release|Any CPU
		{1995FB2C-6204-4F75-A4D3-4213EF11001C}.Release|Any CPU.Build.0 = Release|Any CPU
		{BA38B8E4-EA51-4691-9908-48B59F887347}.Debug|Any CPU.ActiveCfg = Debug|Any CPU
		{BA38B8E4-EA51-4691-9908-48B59F887347}.Debug|Any CPU.Build.0 = Debug|Any CPU
		{BA38B8E4-EA51-4691-9908-48B59F887347}.Release|Any CPU.ActiveCfg = Release|Any CPU
		{BA38B8E4-EA51-4691-9908-48B59F887347}.Release|Any CPU.Build.0 = Release|Any CPU
		{2ABF74FF-B863-4A0B-A788-828ECD900471}.Debug|Any CPU.ActiveCfg = Debug|Any CPU
		{2ABF74FF-B863-4A0B-A788-828ECD900471}.Debug|Any CPU.Build.0 = Debug|Any CPU
		{2ABF74FF-B863-4A0B-A788-828ECD900471}.Release|Any CPU.ActiveCfg = Release|Any CPU
		{2ABF74FF-B863-4A0B-A788-828ECD900471}.Release|Any CPU.Build.0 = Release|Any CPU
	EndGlobalSection
	GlobalSection(SolutionProperties) = preSolution
		HideSolutionNode = FALSE
	EndGlobalSection
	GlobalSection(NestedProjects) = preSolution
		{1C0F5A5A-9319-43B4-8742-2ADB426B248E} = {354060E8-EC4D-4B0B-BA36-92015933E26C}
		{4A3A0AD2-283A-4A0D-A802-B5FF5B0C57A7} = {354060E8-EC4D-4B0B-BA36-92015933E26C}
		{B279133F-227F-4FFB-88C9-DEA9CB04E875} = {CA0E8264-78F5-474B-A974-0AF31E2B5039}
		{BC9BCD29-DD89-486E-9B6A-FE8EEE8E0698} = {CA0E8264-78F5-474B-A974-0AF31E2B5039}
		{1995FB2C-6204-4F75-A4D3-4213EF11001C} = {44A5212F-E470-4134-BBF9-5A10BA0F3006}
		{BA38B8E4-EA51-4691-9908-48B59F887347} = {44A5212F-E470-4134-BBF9-5A10BA0F3006}
		{2ABF74FF-B863-4A0B-A788-828ECD900471} = {44A5212F-E470-4134-BBF9-5A10BA0F3006}
	EndGlobalSection
EndGlobal
